
Microsoft Visual Studio Solution File, Format Version 12.00
# Visual Studio Version 16
VisualStudioVersion = 16.0.29920.165
MinimumVisualStudioVersion = 10.0.40219.1
Project("{FAE04EC0-301F-11D3-BF4B-00C04F79EFBC}") = "RenderingHtmlPages", "RenderingHtmlPages.csproj", "{F83FC035-0448-4F39-87D0-EA6B5EC7F683}"
EndProject
Global
	GlobalSection(SolutionConfigurationPlatforms) = preSolution
		Debug|Any CPU = Debug|Any CPU
		Release|Any CPU = Release|Any CPU
	EndGlobalSection
	GlobalSection(ProjectConfigurationPlatforms) = postSolution
		{F83FC035-0448-4F39-87D0-EA6B5EC7F683}.Debug|Any CPU.ActiveCfg = Debug|Any CPU
		{F83FC035-0448-4F39-87D0-EA6B5EC7F683}.Debug|Any CPU.Build.0 = Debug|Any CPU
		{F83FC035-0448-4F39-87D0-EA6B5EC7F683}.Release|Any CPU.ActiveCfg = Release|Any CPU
		{F83FC035-0448-4F39-87D0-EA6B5EC7F683}.Release|Any CPU.Build.0 = Release|Any CPU
	EndGlobalSection
	GlobalSection(SolutionProperties) = preSolution
		HideSolutionNode = FALSE
	EndGlobalSection
	GlobalSection(ExtensibilityGlobals) = postSolution
		SolutionGuid = {0528C376-0CE3-4FE5-B580-656A29527323}
	EndGlobalSection
EndGlobal
